
Microsoft Visual Studio Solution File, Format Version 12.00
# Visual Studio 15
VisualStudioVersion = 15.0.27130.2036
MinimumVisualStudioVersion = 10.0.40219.1
Project("{FAE04EC0-301F-11D3-BF4B-00C04F79EFBC}") = "CoreDirectivesGenerator", "CoreDirectivesGenerator\CoreDirectivesGenerator.csproj", "{E78F385E-02BC-41DD-BEC4-A6B7BD4B6137}"
EndProject
Global
	GlobalSection(SolutionConfigurationPlatforms) = preSolution
		Debug|Any CPU = Debug|Any CPU
		Release|Any CPU = Release|Any CPU
	EndGlobalSection
	GlobalSection(ProjectConfigurationPlatforms) = postSolution
		{E78F385E-02BC-41DD-BEC4-A6B7BD4B6137}.Debug|Any CPU.ActiveCfg = Debug|Any CPU
		{E78F385E-02BC-41DD-BEC4-A6B7BD4B6137}.Debug|Any CPU.Build.0 = Debug|Any CPU
		{E78F385E-02BC-41DD-BEC4-A6B7BD4B6137}.Release|Any CPU.ActiveCfg = Release|Any CPU
		{E78F385E-02BC-41DD-BEC4-A6B7BD4B6137}.Release|Any CPU.Build.0 = Release|Any CPU
	EndGlobalSection
	GlobalSection(SolutionProperties) = preSolution
		HideSolutionNode = FALSE
	EndGlobalSection
	GlobalSection(ExtensibilityGlobals) = postSolution
		SolutionGuid = {54E7EF18-79B6-4877-A01B-BF79601841B2}
	EndGlobalSection
EndGlobal
